// !$*UTF8*$!
{
	archiveVersion = 1;
	classes = {
	};
	objectVersion = 55;
	objects = {

/* Begin PBXBuildFile section */
		602BE00B0220564A77CF144F /* Pods_LockTests.framework in Frameworks */ = {isa = PBXBuildFile; fileRef = BA1D51EC83AEE9299A33D6A5 /* Pods_LockTests.framework */; };
		78318E342A0CC11B003681AF /* Model.xcdatamodeld in Sources */ = {isa = PBXBuildFile; fileRef = 78318E322A0CC11A003681AF /* Model.xcdatamodeld */; };
		78318E382A0F49F1003681AF /* AddSpotView.swift in Sources */ = {isa = PBXBuildFile; fileRef = 78318E372A0F49F1003681AF /* AddSpotView.swift */; };
		7841A56329FEF27100DEFFB1 /* Parallax.swift in Sources */ = {isa = PBXBuildFile; fileRef = 7841A56229FEF27100DEFFB1 /* Parallax.swift */; };
		78619F8A29F8ED320034DC5D /* AuraView.swift in Sources */ = {isa = PBXBuildFile; fileRef = 78619F8929F8ED320034DC5D /* AuraView.swift */; };
		78619F8F29F97E230034DC5D /* fontDefault-thin.ttf in Resources */ = {isa = PBXBuildFile; fileRef = 78619F8D29F97C5D0034DC5D /* fontDefault-thin.ttf */; };
		78D7A02D29F8985100660C56 /* LockApp.swift in Sources */ = {isa = PBXBuildFile; fileRef = 78D7A02C29F8985100660C56 /* LockApp.swift */; };
		78D7A02F29F8985100660C56 /* ContentView.swift in Sources */ = {isa = PBXBuildFile; fileRef = 78D7A02E29F8985100660C56 /* ContentView.swift */; };
		78D7A03129F8985300660C56 /* Assets.xcassets in Resources */ = {isa = PBXBuildFile; fileRef = 78D7A03029F8985300660C56 /* Assets.xcassets */; };
		78D7A03429F8985300660C56 /* Preview Assets.xcassets in Resources */ = {isa = PBXBuildFile; fileRef = 78D7A03329F8985300660C56 /* Preview Assets.xcassets */; };
		78D7A03E29F8985300660C56 /* LockTests.swift in Sources */ = {isa = PBXBuildFile; fileRef = 78D7A03D29F8985300660C56 /* LockTests.swift */; };
		78D7A04829F8985400660C56 /* LockUITests.swift in Sources */ = {isa = PBXBuildFile; fileRef = 78D7A04729F8985400660C56 /* LockUITests.swift */; };
		78D7A04A29F8985400660C56 /* LockUITestsLaunchTests.swift in Sources */ = {isa = PBXBuildFile; fileRef = 78D7A04929F8985400660C56 /* LockUITestsLaunchTests.swift */; };
		78D7A05929F89BA400660C56 /* threeDimensionalButton.swift in Sources */ = {isa = PBXBuildFile; fileRef = 78D7A05829F89BA400660C56 /* threeDimensionalButton.swift */; };
		78F006CD2A22CF2D00EC843E /* DataController.swift in Sources */ = {isa = PBXBuildFile; fileRef = 78318E352A0F408A003681AF /* DataController.swift */; };
		805CC32689AF1BDC7DE60174 /* Pods_Lock_LockUITests.framework in Frameworks */ = {isa = PBXBuildFile; fileRef = BE109F83EF1BF98CD16C5028 /* Pods_Lock_LockUITests.framework */; };
		D8A1BB7000EABCBAA6AC8E7F /* Pods_Lock.framework in Frameworks */ = {isa = PBXBuildFile; fileRef = 9559A177BFD359F9A7378A68 /* Pods_Lock.framework */; };
/* End PBXBuildFile section */

/* Begin PBXContainerItemProxy section */
		78D7A03A29F8985300660C56 /* PBXContainerItemProxy */ = {
			isa = PBXContainerItemProxy;
			containerPortal = 78D7A02129F8985100660C56 /* Project object */;
			proxyType = 1;
			remoteGlobalIDString = 78D7A02829F8985100660C56;
			remoteInfo = Lock;
		};
		78D7A04429F8985400660C56 /* PBXContainerItemProxy */ = {
			isa = PBXContainerItemProxy;
			containerPortal = 78D7A02129F8985100660C56 /* Project object */;
			proxyType = 1;
			remoteGlobalIDString = 78D7A02829F8985100660C56;
			remoteInfo = Lock;
		};
/* End PBXContainerItemProxy section */

/* Begin PBXFileReference section */
		17D766C0E5A2AEE2BCFF13E5 /* Pods-LockTests.release.xcconfig */ = {isa = PBXFileReference; includeInIndex = 1; lastKnownFileType = text.xcconfig; name = "Pods-LockTests.release.xcconfig"; path = "Target Support Files/Pods-LockTests/Pods-LockTests.release.xcconfig"; sourceTree = "<group>"; };
		570A49AC1B3941D4FCE3E0CF /* Pods-Lock.debug.xcconfig */ = {isa = PBXFileReference; includeInIndex = 1; lastKnownFileType = text.xcconfig; name = "Pods-Lock.debug.xcconfig"; path = "Target Support Files/Pods-Lock/Pods-Lock.debug.xcconfig"; sourceTree = "<group>"; };
		5E9378A1081D583A0DBEFE1C /* Pods-LockTests.debug.xcconfig */ = {isa = PBXFileReference; includeInIndex = 1; lastKnownFileType = text.xcconfig; name = "Pods-LockTests.debug.xcconfig"; path = "Target Support Files/Pods-LockTests/Pods-LockTests.debug.xcconfig"; sourceTree = "<group>"; };
		63BC3F2F4393A8FDF2731C37 /* Pods-Lock-LockUITests.debug.xcconfig */ = {isa = PBXFileReference; includeInIndex = 1; lastKnownFileType = text.xcconfig; name = "Pods-Lock-LockUITests.debug.xcconfig"; path = "Target Support Files/Pods-Lock-LockUITests/Pods-Lock-LockUITests.debug.xcconfig"; sourceTree = "<group>"; };
		78318E332A0CC11A003681AF /* Model.xcdatamodel */ = {isa = PBXFileReference; lastKnownFileType = wrapper.xcdatamodel; path = Model.xcdatamodel; sourceTree = "<group>"; };
		78318E352A0F408A003681AF /* DataController.swift */ = {isa = PBXFileReference; lastKnownFileType = sourcecode.swift; path = DataController.swift; sourceTree = "<group>"; };
		78318E372A0F49F1003681AF /* AddSpotView.swift */ = {isa = PBXFileReference; lastKnownFileType = sourcecode.swift; path = AddSpotView.swift; sourceTree = "<group>"; usesTabs = 0; };
		7841A56229FEF27100DEFFB1 /* Parallax.swift */ = {isa = PBXFileReference; lastKnownFileType = sourcecode.swift; path = Parallax.swift; sourceTree = "<group>"; };
		78619F8929F8ED320034DC5D /* AuraView.swift */ = {isa = PBXFileReference; lastKnownFileType = sourcecode.swift; path = AuraView.swift; sourceTree = "<group>"; };
		78619F8C29F97C2F0034DC5D /* Info.plist */ = {isa = PBXFileReference; lastKnownFileType = text.plist; path = Info.plist; sourceTree = "<group>"; };
		78619F8D29F97C5D0034DC5D /* fontDefault-thin.ttf */ = {isa = PBXFileReference; lastKnownFileType = file; path = "fontDefault-thin.ttf"; sourceTree = "<group>"; };
		78619F9029F9F1600034DC5D /* fontDefault.ttf */ = {isa = PBXFileReference; lastKnownFileType = file; name = fontDefault.ttf; path = ../../../Downloads/Nunito/static/fontDefault.ttf; sourceTree = "<group>"; };
		78D7A02929F8985100660C56 /* Lock.app */ = {isa = PBXFileReference; explicitFileType = wrapper.application; includeInIndex = 0; path = Lock.app; sourceTree = BUILT_PRODUCTS_DIR; };
		78D7A02C29F8985100660C56 /* LockApp.swift */ = {isa = PBXFileReference; lastKnownFileType = sourcecode.swift; path = LockApp.swift; sourceTree = "<group>"; };
		78D7A02E29F8985100660C56 /* ContentView.swift */ = {isa = PBXFileReference; lastKnownFileType = sourcecode.swift; path = ContentView.swift; sourceTree = "<group>"; };
		78D7A03029F8985300660C56 /* Assets.xcassets */ = {isa = PBXFileReference; lastKnownFileType = folder.assetcatalog; path = Assets.xcassets; sourceTree = "<group>"; };
		78D7A03329F8985300660C56 /* Preview Assets.xcassets */ = {isa = PBXFileReference; lastKnownFileType = folder.assetcatalog; path = "Preview Assets.xcassets"; sourceTree = "<group>"; };
		78D7A03929F8985300660C56 /* LockTests.xctest */ = {isa = PBXFileReference; explicitFileType = wrapper.cfbundle; includeInIndex = 0; path = LockTests.xctest; sourceTree = BUILT_PRODUCTS_DIR; };
		78D7A03D29F8985300660C56 /* LockTests.swift */ = {isa = PBXFileReference; lastKnownFileType = sourcecode.swift; path = LockTests.swift; sourceTree = "<group>"; };
		78D7A04329F8985400660C56 /* LockUITests.xctest */ = {isa = PBXFileReference; explicitFileType = wrapper.cfbundle; includeInIndex = 0; path = LockUITests.xctest; sourceTree = BUILT_PRODUCTS_DIR; };
		78D7A04729F8985400660C56 /* LockUITests.swift */ = {isa = PBXFileReference; lastKnownFileType = sourcecode.swift; path = LockUITests.swift; sourceTree = "<group>"; };
		78D7A04929F8985400660C56 /* LockUITestsLaunchTests.swift */ = {isa = PBXFileReference; lastKnownFileType = sourcecode.swift; path = LockUITestsLaunchTests.swift; sourceTree = "<group>"; };
		78D7A05829F89BA400660C56 /* threeDimensionalButton.swift */ = {isa = PBXFileReference; lastKnownFileType = sourcecode.swift; path = threeDimensionalButton.swift; sourceTree = "<group>"; };
		8AE07B260B78E8865F7DEC15 /* Pods-Lock-LockUITests.release.xcconfig */ = {isa = PBXFileReference; includeInIndex = 1; lastKnownFileType = text.xcconfig; name = "Pods-Lock-LockUITests.release.xcconfig"; path = "Target Support Files/Pods-Lock-LockUITests/Pods-Lock-LockUITests.release.xcconfig"; sourceTree = "<group>"; };
		9559A177BFD359F9A7378A68 /* Pods_Lock.framework */ = {isa = PBXFileReference; explicitFileType = wrapper.framework; includeInIndex = 0; path = Pods_Lock.framework; sourceTree = BUILT_PRODUCTS_DIR; };
		BA1D51EC83AEE9299A33D6A5 /* Pods_LockTests.framework */ = {isa = PBXFileReference; explicitFileType = wrapper.framework; includeInIndex = 0; path = Pods_LockTests.framework; sourceTree = BUILT_PRODUCTS_DIR; };
		BE109F83EF1BF98CD16C5028 /* Pods_Lock_LockUITests.framework */ = {isa = PBXFileReference; explicitFileType = wrapper.framework; includeInIndex = 0; path = Pods_Lock_LockUITests.framework; sourceTree = BUILT_PRODUCTS_DIR; };
		E440C81E0EB86C27CB64FB83 /* Pods-Lock.release.xcconfig */ = {isa = PBXFileReference; includeInIndex = 1; lastKnownFileType = text.xcconfig; name = "Pods-Lock.release.xcconfig"; path = "Target Support Files/Pods-Lock/Pods-Lock.release.xcconfig"; sourceTree = "<group>"; };
/* End PBXFileReference section */

/* Begin PBXFrameworksBuildPhase section */
		78D7A02629F8985100660C56 /* Frameworks */ = {
			isa = PBXFrameworksBuildPhase;
			buildActionMask = 2147483647;
			files = (
				D8A1BB7000EABCBAA6AC8E7F /* Pods_Lock.framework in Frameworks */,
			);
			runOnlyForDeploymentPostprocessing = 0;
		};
		78D7A03629F8985300660C56 /* Frameworks */ = {
			isa = PBXFrameworksBuildPhase;
			buildActionMask = 2147483647;
			files = (
				602BE00B0220564A77CF144F /* Pods_LockTests.framework in Frameworks */,
			);
			runOnlyForDeploymentPostprocessing = 0;
		};
		78D7A04029F8985400660C56 /* Frameworks */ = {
			isa = PBXFrameworksBuildPhase;
			buildActionMask = 2147483647;
			files = (
				805CC32689AF1BDC7DE60174 /* Pods_Lock_LockUITests.framework in Frameworks */,
			);
			runOnlyForDeploymentPostprocessing = 0;
		};
/* End PBXFrameworksBuildPhase section */

/* Begin PBXGroup section */
		5738CDF077C18E609778EA0A /* Pods */ = {
			isa = PBXGroup;
			children = (
				570A49AC1B3941D4FCE3E0CF /* Pods-Lock.debug.xcconfig */,
				E440C81E0EB86C27CB64FB83 /* Pods-Lock.release.xcconfig */,
				63BC3F2F4393A8FDF2731C37 /* Pods-Lock-LockUITests.debug.xcconfig */,
				8AE07B260B78E8865F7DEC15 /* Pods-Lock-LockUITests.release.xcconfig */,
				5E9378A1081D583A0DBEFE1C /* Pods-LockTests.debug.xcconfig */,
				17D766C0E5A2AEE2BCFF13E5 /* Pods-LockTests.release.xcconfig */,
			);
			path = Pods;
			sourceTree = "<group>";
		};
		78D7A02029F8985100660C56 = {
			isa = PBXGroup;
			children = (
				78D7A02B29F8985100660C56 /* Lock */,
				78D7A03C29F8985300660C56 /* LockTests */,
				78D7A04629F8985400660C56 /* LockUITests */,
				78D7A02A29F8985100660C56 /* Products */,
				5738CDF077C18E609778EA0A /* Pods */,
				A575B2B29D70D334D66CB39F /* Frameworks */,
			);
			sourceTree = "<group>";
		};
		78D7A02A29F8985100660C56 /* Products */ = {
			isa = PBXGroup;
			children = (
				78D7A02929F8985100660C56 /* Lock.app */,
				78D7A03929F8985300660C56 /* LockTests.xctest */,
				78D7A04329F8985400660C56 /* LockUITests.xctest */,
			);
			name = Products;
			sourceTree = "<group>";
		};
		78D7A02B29F8985100660C56 /* Lock */ = {
			isa = PBXGroup;
			children = (
				78619F8C29F97C2F0034DC5D /* Info.plist */,
				78D7A02C29F8985100660C56 /* LockApp.swift */,
				78D7A02E29F8985100660C56 /* ContentView.swift */,
				78318E372A0F49F1003681AF /* AddSpotView.swift */,
				78D7A05829F89BA400660C56 /* threeDimensionalButton.swift */,
				7841A56229FEF27100DEFFB1 /* Parallax.swift */,
				78619F8929F8ED320034DC5D /* AuraView.swift */,
				78619F8D29F97C5D0034DC5D /* fontDefault-thin.ttf */,
				78619F9029F9F1600034DC5D /* fontDefault.ttf */,
				78D7A03029F8985300660C56 /* Assets.xcassets */,
				78D7A03229F8985300660C56 /* Preview Content */,
				78318E322A0CC11A003681AF /* Model.xcdatamodeld */,
				78318E352A0F408A003681AF /* DataController.swift */,
			);
			path = Lock;
			sourceTree = "<group>";
		};
		78D7A03229F8985300660C56 /* Preview Content */ = {
			isa = PBXGroup;
			children = (
				78D7A03329F8985300660C56 /* Preview Assets.xcassets */,
			);
			path = "Preview Content";
			sourceTree = "<group>";
		};
		78D7A03C29F8985300660C56 /* LockTests */ = {
			isa = PBXGroup;
			children = (
				78D7A03D29F8985300660C56 /* LockTests.swift */,
			);
			path = LockTests;
			sourceTree = "<group>";
		};
		78D7A04629F8985400660C56 /* LockUITests */ = {
			isa = PBXGroup;
			children = (
				78D7A04729F8985400660C56 /* LockUITests.swift */,
				78D7A04929F8985400660C56 /* LockUITestsLaunchTests.swift */,
			);
			path = LockUITests;
			sourceTree = "<group>";
		};
		A575B2B29D70D334D66CB39F /* Frameworks */ = {
			isa = PBXGroup;
			children = (
				9559A177BFD359F9A7378A68 /* Pods_Lock.framework */,
				BE109F83EF1BF98CD16C5028 /* Pods_Lock_LockUITests.framework */,
				BA1D51EC83AEE9299A33D6A5 /* Pods_LockTests.framework */,
			);
			name = Frameworks;
			sourceTree = "<group>";
		};
/* End PBXGroup section */

/* Begin PBXNativeTarget section */
		78D7A02829F8985100660C56 /* Lock */ = {
			isa = PBXNativeTarget;
			buildConfigurationList = 78D7A04D29F8985400660C56 /* Build configuration list for PBXNativeTarget "Lock" */;
			buildPhases = (
				D4AE83382783FB123324CC0A /* [CP] Check Pods Manifest.lock */,
				78D7A02529F8985100660C56 /* Sources */,
				78D7A02629F8985100660C56 /* Frameworks */,
				78D7A02729F8985100660C56 /* Resources */,
			);
			buildRules = (
			);
			dependencies = (
			);
			name = Lock;
			productName = Lock;
			productReference = 78D7A02929F8985100660C56 /* Lock.app */;
			productType = "com.apple.product-type.application";
		};
		78D7A03829F8985300660C56 /* LockTests */ = {
			isa = PBXNativeTarget;
			buildConfigurationList = 78D7A05029F8985400660C56 /* Build configuration list for PBXNativeTarget "LockTests" */;
			buildPhases = (
				1BFBFC02BCA6C8D70CDEA713 /* [CP] Check Pods Manifest.lock */,
				78D7A03529F8985300660C56 /* Sources */,
				78D7A03629F8985300660C56 /* Frameworks */,
				78D7A03729F8985300660C56 /* Resources */,
			);
			buildRules = (
			);
			dependencies = (
				78D7A03B29F8985300660C56 /* PBXTargetDependency */,
			);
			name = LockTests;
			productName = LockTests;
			productReference = 78D7A03929F8985300660C56 /* LockTests.xctest */;
			productType = "com.apple.product-type.bundle.unit-test";
		};
		78D7A04229F8985400660C56 /* LockUITests */ = {
			isa = PBXNativeTarget;
			buildConfigurationList = 78D7A05329F8985400660C56 /* Build configuration list for PBXNativeTarget "LockUITests" */;
			buildPhases = (
				52C1FC89CBE49AFE81477F8E /* [CP] Check Pods Manifest.lock */,
				78D7A03F29F8985400660C56 /* Sources */,
				78D7A04029F8985400660C56 /* Frameworks */,
				78D7A04129F8985400660C56 /* Resources */,
			);
			buildRules = (
			);
			dependencies = (
				78D7A04529F8985400660C56 /* PBXTargetDependency */,
			);
			name = LockUITests;
			productName = LockUITests;
			productReference = 78D7A04329F8985400660C56 /* LockUITests.xctest */;
			productType = "com.apple.product-type.bundle.ui-testing";
		};
/* End PBXNativeTarget section */

/* Begin PBXProject section */
		78D7A02129F8985100660C56 /* Project object */ = {
			isa = PBXProject;
			attributes = {
				BuildIndependentTargetsInParallel = 1;
				LastSwiftUpdateCheck = 1410;
				LastUpgradeCheck = 1410;
				TargetAttributes = {
					78D7A02829F8985100660C56 = {
						CreatedOnToolsVersion = 14.1;
					};
					78D7A03829F8985300660C56 = {
						CreatedOnToolsVersion = 14.1;
						TestTargetID = 78D7A02829F8985100660C56;
					};
					78D7A04229F8985400660C56 = {
						CreatedOnToolsVersion = 14.1;
						TestTargetID = 78D7A02829F8985100660C56;
					};
				};
			};
			buildConfigurationList = 78D7A02429F8985100660C56 /* Build configuration list for PBXProject "Lock" */;
			compatibilityVersion = "Xcode 13.0";
			developmentRegion = en;
			hasScannedForEncodings = 0;
			knownRegions = (
				en,
				Base,
			);
			mainGroup = 78D7A02029F8985100660C56;
			productRefGroup = 78D7A02A29F8985100660C56 /* Products */;
			projectDirPath = "";
			projectRoot = "";
			targets = (
				78D7A02829F8985100660C56 /* Lock */,
				78D7A03829F8985300660C56 /* LockTests */,
				78D7A04229F8985400660C56 /* LockUITests */,
			);
		};
/* End PBXProject section */

/* Begin PBXResourcesBuildPhase section */
		78D7A02729F8985100660C56 /* Resources */ = {
			isa = PBXResourcesBuildPhase;
			buildActionMask = 2147483647;
			files = (
				78D7A03429F8985300660C56 /* Preview Assets.xcassets in Resources */,
				78619F8F29F97E230034DC5D /* fontDefault-thin.ttf in Resources */,
				78D7A03129F8985300660C56 /* Assets.xcassets in Resources */,
			);
			runOnlyForDeploymentPostprocessing = 0;
		};
		78D7A03729F8985300660C56 /* Resources */ = {
			isa = PBXResourcesBuildPhase;
			buildActionMask = 2147483647;
			files = (
			);
			runOnlyForDeploymentPostprocessing = 0;
		};
		78D7A04129F8985400660C56 /* Resources */ = {
			isa = PBXResourcesBuildPhase;
			buildActionMask = 2147483647;
			files = (
			);
			runOnlyForDeploymentPostprocessing = 0;
		};
/* End PBXResourcesBuildPhase section */

/* Begin PBXShellScriptBuildPhase section */
		1BFBFC02BCA6C8D70CDEA713 /* [CP] Check Pods Manifest.lock */ = {
			isa = PBXShellScriptBuildPhase;
			buildActionMask = 2147483647;
			files = (
			);
			inputFileListPaths = (
			);
			inputPaths = (
				"${PODS_PODFILE_DIR_PATH}/Podfile.lock",
				"${PODS_ROOT}/Manifest.lock",
			);
			name = "[CP] Check Pods Manifest.lock";
			outputFileListPaths = (
			);
			outputPaths = (
				"$(DERIVED_FILE_DIR)/Pods-LockTests-checkManifestLockResult.txt",
			);
			runOnlyForDeploymentPostprocessing = 0;
			shellPath = /bin/sh;
			shellScript = "diff \"${PODS_PODFILE_DIR_PATH}/Podfile.lock\" \"${PODS_ROOT}/Manifest.lock\" > /dev/null\nif [ $? != 0 ] ; then\n    # print error to STDERR\n    echo \"error: The sandbox is not in sync with the Podfile.lock. Run 'pod install' or update your CocoaPods installation.\" >&2\n    exit 1\nfi\n# This output is used by Xcode 'outputs' to avoid re-running this script phase.\necho \"SUCCESS\" > \"${SCRIPT_OUTPUT_FILE_0}\"\n";
			showEnvVarsInLog = 0;
		};
		52C1FC89CBE49AFE81477F8E /* [CP] Check Pods Manifest.lock */ = {
			isa = PBXShellScriptBuildPhase;
			buildActionMask = 2147483647;
			files = (
			);
			inputFileListPaths = (
			);
			inputPaths = (
				"${PODS_PODFILE_DIR_PATH}/Podfile.lock",
				"${PODS_ROOT}/Manifest.lock",
			);
			name = "[CP] Check Pods Manifest.lock";
			outputFileListPaths = (
			);
			outputPaths = (
				"$(DERIVED_FILE_DIR)/Pods-Lock-LockUITests-checkManifestLockResult.txt",
			);
			runOnlyForDeploymentPostprocessing = 0;
			shellPath = /bin/sh;
			shellScript = "diff \"${PODS_PODFILE_DIR_PATH}/Podfile.lock\" \"${PODS_ROOT}/Manifest.lock\" > /dev/null\nif [ $? != 0 ] ; then\n    # print error to STDERR\n    echo \"error: The sandbox is not in sync with the Podfile.lock. Run 'pod install' or update your CocoaPods installation.\" >&2\n    exit 1\nfi\n# This output is used by Xcode 'outputs' to avoid re-running this script phase.\necho \"SUCCESS\" > \"${SCRIPT_OUTPUT_FILE_0}\"\n";
			showEnvVarsInLog = 0;
		};
		D4AE83382783FB123324CC0A /* [CP] Check Pods Manifest.lock */ = {
			isa = PBXShellScriptBuildPhase;
			buildActionMask = 2147483647;
			files = (
			);
			inputFileListPaths = (
			);
			inputPaths = (
				"${PODS_PODFILE_DIR_PATH}/Podfile.lock",
				"${PODS_ROOT}/Manifest.lock",
			);
			name = "[CP] Check Pods Manifest.lock";
			outputFileListPaths = (
			);
			outputPaths = (
				"$(DERIVED_FILE_DIR)/Pods-Lock-checkManifestLockResult.txt",
			);
			runOnlyForDeploymentPostprocessing = 0;
			shellPath = /bin/sh;
			shellScript = "diff \"${PODS_PODFILE_DIR_PATH}/Podfile.lock\" \"${PODS_ROOT}/Manifest.lock\" > /dev/null\nif [ $? != 0 ] ; then\n    # print error to STDERR\n    echo \"error: The sandbox is not in sync with the Podfile.lock. Run 'pod install' or update your CocoaPods installation.\" >&2\n    exit 1\nfi\n# This output is used by Xcode 'outputs' to avoid re-running this script phase.\necho \"SUCCESS\" > \"${SCRIPT_OUTPUT_FILE_0}\"\n";
			showEnvVarsInLog = 0;
		};
/* End PBXShellScriptBuildPhase section */

/* Begin PBXSourcesBuildPhase section */
		78D7A02529F8985100660C56 /* Sources */ = {
			isa = PBXSourcesBuildPhase;
			buildActionMask = 2147483647;
			files = (
				78D7A02F29F8985100660C56 /* ContentView.swift in Sources */,
				78619F8A29F8ED320034DC5D /* AuraView.swift in Sources */,
				78D7A02D29F8985100660C56 /* LockApp.swift in Sources */,
				78D7A05929F89BA400660C56 /* threeDimensionalButton.swift in Sources */,
				7841A56329FEF27100DEFFB1 /* Parallax.swift in Sources */,
				78F006CD2A22CF2D00EC843E /* DataController.swift in Sources */,
				78318E382A0F49F1003681AF /* AddSpotView.swift in Sources */,
				78318E342A0CC11B003681AF /* Model.xcdatamodeld in Sources */,
			);
			runOnlyForDeploymentPostprocessing = 0;
		};
		78D7A03529F8985300660C56 /* Sources */ = {
			isa = PBXSourcesBuildPhase;
			buildActionMask = 2147483647;
			files = (
				78D7A03E29F8985300660C56 /* LockTests.swift in Sources */,
			);
			runOnlyForDeploymentPostprocessing = 0;
		};
		78D7A03F29F8985400660C56 /* Sources */ = {
			isa = PBXSourcesBuildPhase;
			buildActionMask = 2147483647;
			files = (
				78D7A04829F8985400660C56 /* LockUITests.swift in Sources */,
				78D7A04A29F8985400660C56 /* LockUITestsLaunchTests.swift in Sources */,
			);
			runOnlyForDeploymentPostprocessing = 0;
		};
/* End PBXSourcesBuildPhase section */

/* Begin PBXTargetDependency section */
		78D7A03B29F8985300660C56 /* PBXTargetDependency */ = {
			isa = PBXTargetDependency;
			target = 78D7A02829F8985100660C56 /* Lock */;
			targetProxy = 78D7A03A29F8985300660C56 /* PBXContainerItemProxy */;
		};
		78D7A04529F8985400660C56 /* PBXTargetDependency */ = {
			isa = PBXTargetDependency;
			target = 78D7A02829F8985100660C56 /* Lock */;
			targetProxy = 78D7A04429F8985400660C56 /* PBXContainerItemProxy */;
		};
/* End PBXTargetDependency section */

/* Begin XCBuildConfiguration section */
		78D7A04B29F8985400660C56 /* Debug */ = {
			isa = XCBuildConfiguration;
			buildSettings = {
				ALWAYS_SEARCH_USER_PATHS = NO;
				CLANG_ANALYZER_NONNULL = YES;
				CLANG_ANALYZER_NUMBER_OBJECT_CONVERSION = YES_AGGRESSIVE;
				CLANG_CXX_LANGUAGE_STANDARD = "gnu++20";
				CLANG_ENABLE_MODULES = YES;
				CLANG_ENABLE_OBJC_ARC = YES;
				CLANG_ENABLE_OBJC_WEAK = YES;
				CLANG_WARN_BLOCK_CAPTURE_AUTORELEASING = YES;
				CLANG_WARN_BOOL_CONVERSION = YES;
				CLANG_WARN_COMMA = YES;
				CLANG_WARN_CONSTANT_CONVERSION = YES;
				CLANG_WARN_DEPRECATED_OBJC_IMPLEMENTATIONS = YES;
				CLANG_WARN_DIRECT_OBJC_ISA_USAGE = YES_ERROR;
				CLANG_WARN_DOCUMENTATION_COMMENTS = YES;
				CLANG_WARN_EMPTY_BODY = YES;
				CLANG_WARN_ENUM_CONVERSION = YES;
				CLANG_WARN_INFINITE_RECURSION = YES;
				CLANG_WARN_INT_CONVERSION = YES;
				CLANG_WARN_NON_LITERAL_NULL_CONVERSION = YES;
				CLANG_WARN_OBJC_IMPLICIT_RETAIN_SELF = YES;
				CLANG_WARN_OBJC_LITERAL_CONVERSION = YES;
				CLANG_WARN_OBJC_ROOT_CLASS = YES_ERROR;
				CLANG_WARN_QUOTED_INCLUDE_IN_FRAMEWORK_HEADER = YES;
				CLANG_WARN_RANGE_LOOP_ANALYSIS = YES;
				CLANG_WARN_STRICT_PROTOTYPES = YES;
				CLANG_WARN_SUSPICIOUS_MOVE = YES;
				CLANG_WARN_UNGUARDED_AVAILABILITY = YES_AGGRESSIVE;
				CLANG_WARN_UNREACHABLE_CODE = YES;
				CLANG_WARN__DUPLICATE_METHOD_MATCH = YES;
				COPY_PHASE_STRIP = NO;
				DEBUG_INFORMATION_FORMAT = dwarf;
				ENABLE_STRICT_OBJC_MSGSEND = YES;
				ENABLE_TESTABILITY = YES;
				GCC_C_LANGUAGE_STANDARD = gnu11;
				GCC_DYNAMIC_NO_PIC = NO;
				GCC_NO_COMMON_BLOCKS = YES;
				GCC_OPTIMIZATION_LEVEL = 0;
				GCC_PREPROCESSOR_DEFINITIONS = (
					"DEBUG=1",
					"$(inherited)",
				);
				GCC_WARN_64_TO_32_BIT_CONVERSION = YES;
				GCC_WARN_ABOUT_RETURN_TYPE = YES_ERROR;
				GCC_WARN_UNDECLARED_SELECTOR = YES;
				GCC_WARN_UNINITIALIZED_AUTOS = YES_AGGRESSIVE;
				GCC_WARN_UNUSED_FUNCTION = YES;
				GCC_WARN_UNUSED_VARIABLE = YES;
				IPHONEOS_DEPLOYMENT_TARGET = 16.1;
				MTL_ENABLE_DEBUG_INFO = INCLUDE_SOURCE;
				MTL_FAST_MATH = YES;
				ONLY_ACTIVE_ARCH = YES;
				SDKROOT = iphoneos;
				SWIFT_ACTIVE_COMPILATION_CONDITIONS = DEBUG;
				SWIFT_OPTIMIZATION_LEVEL = "-Onone";
			};
			name = Debug;
		};
		78D7A04C29F8985400660C56 /* Release */ = {
			isa = XCBuildConfiguration;
			buildSettings = {
				ALWAYS_SEARCH_USER_PATHS = NO;
				CLANG_ANALYZER_NONNULL = YES;
				CLANG_ANALYZER_NUMBER_OBJECT_CONVERSION = YES_AGGRESSIVE;
				CLANG_CXX_LANGUAGE_STANDARD = "gnu++20";
				CLANG_ENABLE_MODULES = YES;
				CLANG_ENABLE_OBJC_ARC = YES;
				CLANG_ENABLE_OBJC_WEAK = YES;
				CLANG_WARN_BLOCK_CAPTURE_AUTORELEASING = YES;
				CLANG_WARN_BOOL_CONVERSION = YES;
				CLANG_WARN_COMMA = YES;
				CLANG_WARN_CONSTANT_CONVERSION = YES;
				CLANG_WARN_DEPRECATED_OBJC_IMPLEMENTATIONS = YES;
				CLANG_WARN_DIRECT_OBJC_ISA_USAGE = YES_ERROR;
				CLANG_WARN_DOCUMENTATION_COMMENTS = YES;
				CLANG_WARN_EMPTY_BODY = YES;
				CLANG_WARN_ENUM_CONVERSION = YES;
				CLANG_WARN_INFINITE_RECURSION = YES;
				CLANG_WARN_INT_CONVERSION = YES;
				CLANG_WARN_NON_LITERAL_NULL_CONVERSION = YES;
				CLANG_WARN_OBJC_IMPLICIT_RETAIN_SELF = YES;
				CLANG_WARN_OBJC_LITERAL_CONVERSION = YES;
				CLANG_WARN_OBJC_ROOT_CLASS = YES_ERROR;
				CLANG_WARN_QUOTED_INCLUDE_IN_FRAMEWORK_HEADER = YES;
				CLANG_WARN_RANGE_LOOP_ANALYSIS = YES;
				CLANG_WARN_STRICT_PROTOTYPES = YES;
				CLANG_WARN_SUSPICIOUS_MOVE = YES;
				CLANG_WARN_UNGUARDED_AVAILABILITY = YES_AGGRESSIVE;
				CLANG_WARN_UNREACHABLE_CODE = YES;
				CLANG_WARN__DUPLICATE_METHOD_MATCH = YES;
				COPY_PHASE_STRIP = NO;
				DEBUG_INFORMATION_FORMAT = "dwarf-with-dsym";
				ENABLE_NS_ASSERTIONS = NO;
				ENABLE_STRICT_OBJC_MSGSEND = YES;
				GCC_C_LANGUAGE_STANDARD = gnu11;
				GCC_NO_COMMON_BLOCKS = YES;
				GCC_WARN_64_TO_32_BIT_CONVERSION = YES;
				GCC_WARN_ABOUT_RETURN_TYPE = YES_ERROR;
				GCC_WARN_UNDECLARED_SELECTOR = YES;
				GCC_WARN_UNINITIALIZED_AUTOS = YES_AGGRESSIVE;
				GCC_WARN_UNUSED_FUNCTION = YES;
				GCC_WARN_UNUSED_VARIABLE = YES;
				IPHONEOS_DEPLOYMENT_TARGET = 16.1;
				MTL_ENABLE_DEBUG_INFO = NO;
				MTL_FAST_MATH = YES;
				SDKROOT = iphoneos;
				SWIFT_COMPILATION_MODE = wholemodule;
				SWIFT_OPTIMIZATION_LEVEL = "-O";
				VALIDATE_PRODUCT = YES;
			};
			name = Release;
		};
		78D7A04E29F8985400660C56 /* Debug */ = {
			isa = XCBuildConfiguration;
			baseConfigurationReference = 570A49AC1B3941D4FCE3E0CF /* Pods-Lock.debug.xcconfig */;
			buildSettings = {
				ASSETCATALOG_COMPILER_APPICON_NAME = AppIcon;
				ASSETCATALOG_COMPILER_GLOBAL_ACCENT_COLOR_NAME = AccentColor;
				CODE_SIGN_STYLE = Automatic;
				CURRENT_PROJECT_VERSION = 1;
				DEVELOPMENT_ASSET_PATHS = "\"Lock/Preview Content\"";
				DEVELOPMENT_TEAM = SU5789R8HD;
				ENABLE_PREVIEWS = YES;
				GENERATE_INFOPLIST_FILE = YES;
				INFOPLIST_FILE = Lock/Info.plist;
				INFOPLIST_KEY_UIApplicationSceneManifest_Generation = YES;
				INFOPLIST_KEY_UIApplicationSupportsIndirectInputEvents = YES;
				INFOPLIST_KEY_UILaunchScreen_Generation = YES;
				INFOPLIST_KEY_UISupportedInterfaceOrientations = UIInterfaceOrientationPortrait;
				INFOPLIST_KEY_UISupportedInterfaceOrientations_iPad = "UIInterfaceOrientationLandscapeRight UIInterfaceOrientationPortrait UIInterfaceOrientationPortraitUpsideDown";
				LD_RUNPATH_SEARCH_PATHS = (
					"$(inherited)",
					"@executable_path/Frameworks",
				);
				MARKETING_VERSION = 1.0;
				PRODUCT_BUNDLE_IDENTIFIER = com.Lock;
				PRODUCT_NAME = "$(TARGET_NAME)";
				SUPPORTED_PLATFORMS = "iphoneos iphonesimulator";
				SUPPORTS_MACCATALYST = NO;
				SUPPORTS_MAC_DESIGNED_FOR_IPHONE_IPAD = NO;
				SWIFT_EMIT_LOC_STRINGS = YES;
				SWIFT_VERSION = 5.0;
				TARGETED_DEVICE_FAMILY = 1;
			};
			name = Debug;
		};
		78D7A04F29F8985400660C56 /* Release */ = {
			isa = XCBuildConfiguration;
			baseConfigurationReference = E440C81E0EB86C27CB64FB83 /* Pods-Lock.release.xcconfig */;
			buildSettings = {
				ASSETCATALOG_COMPILER_APPICON_NAME = AppIcon;
				ASSETCATALOG_COMPILER_GLOBAL_ACCENT_COLOR_NAME = AccentColor;
				CODE_SIGN_STYLE = Automatic;
				CURRENT_PROJECT_VERSION = 1;
				DEVELOPMENT_ASSET_PATHS = "\"Lock/Preview Content\"";
				DEVELOPMENT_TEAM = SU5789R8HD;
				ENABLE_PREVIEWS = YES;
				GENERATE_INFOPLIST_FILE = YES;
				INFOPLIST_FILE = Lock/Info.plist;
				INFOPLIST_KEY_UIApplicationSceneManifest_Generation = YES;
				INFOPLIST_KEY_UIApplicationSupportsIndirectInputEvents = YES;
				INFOPLIST_KEY_UILaunchScreen_Generation = YES;
				INFOPLIST_KEY_UISupportedInterfaceOrientations = UIInterfaceOrientationPortrait;
				INFOPLIST_KEY_UISupportedInterfaceOrientations_iPad = "UIInterfaceOrientationLandscapeRight UIInterfaceOrientationPortrait UIInterfaceOrientationPortraitUpsideDown";
				LD_RUNPATH_SEARCH_PATHS = (
					"$(inherited)",
					"@executable_path/Frameworks",
				);
				MARKETING_VERSION = 1.0;
				PRODUCT_BUNDLE_IDENTIFIER = com.Lock;
				PRODUCT_NAME = "$(TARGET_NAME)";
				SUPPORTED_PLATFORMS = "iphoneos iphonesimulator";
				SUPPORTS_MACCATALYST = NO;
				SUPPORTS_MAC_DESIGNED_FOR_IPHONE_IPAD = NO;
				SWIFT_EMIT_LOC_STRINGS = YES;
				SWIFT_VERSION = 5.0;
				TARGETED_DEVICE_FAMILY = 1;
			};
			name = Release;
		};
		78D7A05129F8985400660C56 /* Debug */ = {
			isa = XCBuildConfiguration;
			baseConfigurationReference = 5E9378A1081D583A0DBEFE1C /* Pods-LockTests.debug.xcconfig */;
			buildSettings = {
				ALWAYS_EMBED_SWIFT_STANDARD_LIBRARIES = YES;
				BUNDLE_LOADER = "$(TEST_HOST)";
				CODE_SIGN_STYLE = Automatic;
				CURRENT_PROJECT_VERSION = 1;
				DEVELOPMENT_TEAM = SU5789R8HD;
				GENERATE_INFOPLIST_FILE = YES;
				IPHONEOS_DEPLOYMENT_TARGET = 16.1;
				MARKETING_VERSION = 1.0;
				PRODUCT_BUNDLE_IDENTIFIER = com.LockTests;
				PRODUCT_NAME = "$(TARGET_NAME)";
				SWIFT_EMIT_LOC_STRINGS = NO;
				SWIFT_VERSION = 5.0;
				TARGETED_DEVICE_FAMILY = "1,2";
				TEST_HOST = "$(BUILT_PRODUCTS_DIR)/Lock.app/$(BUNDLE_EXECUTABLE_FOLDER_PATH)/Lock";
			};
			name = Debug;
		};
		78D7A05229F8985400660C56 /* Release */ = {
			isa = XCBuildConfiguration;
			baseConfigurationReference = 17D766C0E5A2AEE2BCFF13E5 /* Pods-LockTests.release.xcconfig */;
			buildSettings = {
				ALWAYS_EMBED_SWIFT_STANDARD_LIBRARIES = YES;
				BUNDLE_LOADER = "$(TEST_HOST)";
				CODE_SIGN_STYLE = Automatic;
				CURRENT_PROJECT_VERSION = 1;
				DEVELOPMENT_TEAM = SU5789R8HD;
				GENERATE_INFOPLIST_FILE = YES;
				IPHONEOS_DEPLOYMENT_TARGET = 16.1;
				MARKETING_VERSION = 1.0;
				PRODUCT_BUNDLE_IDENTIFIER = com.LockTests;
				PRODUCT_NAME = "$(TARGET_NAME)";
				SWIFT_EMIT_LOC_STRINGS = NO;
				SWIFT_VERSION = 5.0;
				TARGETED_DEVICE_FAMILY = "1,2";
				TEST_HOST = "$(BUILT_PRODUCTS_DIR)/Lock.app/$(BUNDLE_EXECUTABLE_FOLDER_PATH)/Lock";
			};
			name = Release;
		};
		78D7A05429F8985400660C56 /* Debug */ = {
			isa = XCBuildConfiguration;
			baseConfigurationReference = 63BC3F2F4393A8FDF2731C37 /* Pods-Lock-LockUITests.debug.xcconfig */;
			buildSettings = {
				ALWAYS_EMBED_SWIFT_STANDARD_LIBRARIES = YES;
				CODE_SIGN_STYLE = Automatic;
				CURRENT_PROJECT_VERSION = 1;
				DEVELOPMENT_TEAM = SU5789R8HD;
				GENERATE_INFOPLIST_FILE = YES;
				MARKETING_VERSION = 1.0;
				PRODUCT_BUNDLE_IDENTIFIER = com.LockUITests;
				PRODUCT_NAME = "$(TARGET_NAME)";
				SWIFT_EMIT_LOC_STRINGS = NO;
				SWIFT_VERSION = 5.0;
				TARGETED_DEVICE_FAMILY = "1,2";
				TEST_TARGET_NAME = Lock;
			};
			name = Debug;
		};
		78D7A05529F8985400660C56 /* Release */ = {
			isa = XCBuildConfiguration;
			baseConfigurationReference = 8AE07B260B78E8865F7DEC15 /* Pods-Lock-LockUITests.release.xcconfig */;
			buildSettings = {
				ALWAYS_EMBED_SWIFT_STANDARD_LIBRARIES = YES;
				CODE_SIGN_STYLE = Automatic;
				CURRENT_PROJECT_VERSION = 1;
				DEVELOPMENT_TEAM = SU5789R8HD;
				GENERATE_INFOPLIST_FILE = YES;
				MARKETING_VERSION = 1.0;
				PRODUCT_BUNDLE_IDENTIFIER = com.LockUITests;
				PRODUCT_NAME = "$(TARGET_NAME)";
				SWIFT_EMIT_LOC_STRINGS = NO;
				SWIFT_VERSION = 5.0;
				TARGETED_DEVICE_FAMILY = "1,2";
				TEST_TARGET_NAME = Lock;
			};
			name = Release;
		};
/* End XCBuildConfiguration section */

/* Begin XCConfigurationList section */
		78D7A02429F8985100660C56 /* Build configuration list for PBXProject "Lock" */ = {
			isa = XCConfigurationList;
			buildConfigurations = (
				78D7A04B29F8985400660C56 /* Debug */,
				78D7A04C29F8985400660C56 /* Release */,
			);
			defaultConfigurationIsVisible = 0;
			defaultConfigurationName = Release;
		};
		78D7A04D29F8985400660C56 /* Build configuration list for PBXNativeTarget "Lock" */ = {
			isa = XCConfigurationList;
			buildConfigurations = (
				78D7A04E29F8985400660C56 /* Debug */,
				78D7A04F29F8985400660C56 /* Release */,
			);
			defaultConfigurationIsVisible = 0;
			defaultConfigurationName = Release;
		};
		78D7A05029F8985400660C56 /* Build configuration list for PBXNativeTarget "LockTests" */ = {
			isa = XCConfigurationList;
			buildConfigurations = (
				78D7A05129F8985400660C56 /* Debug */,
				78D7A05229F8985400660C56 /* Release */,
			);
			defaultConfigurationIsVisible = 0;
			defaultConfigurationName = Release;
		};
		78D7A05329F8985400660C56 /* Build configuration list for PBXNativeTarget "LockUITests" */ = {
			isa = XCConfigurationList;
			buildConfigurations = (
				78D7A05429F8985400660C56 /* Debug */,
				78D7A05529F8985400660C56 /* Release */,
			);
			defaultConfigurationIsVisible = 0;
			defaultConfigurationName = Release;
		};
/* End XCConfigurationList section */

/* Begin XCVersionGroup section */
		78318E322A0CC11A003681AF /* Model.xcdatamodeld */ = {
			isa = XCVersionGroup;
			children = (
				78318E332A0CC11A003681AF /* Model.xcdatamodel */,
			);
			currentVersion = 78318E332A0CC11A003681AF /* Model.xcdatamodel */;
			path = Model.xcdatamodeld;
			sourceTree = "<group>";
			versionGroupType = wrapper.xcdatamodel;
		};
/* End XCVersionGroup section */
	};
	rootObject = 78D7A02129F8985100660C56 /* Project object */;
}
